// !$*UTF8*$!
{
	archiveVersion = 1;
	classes = {
	};
	objectVersion = 46;
	objects = {

/* Begin PBXBuildFile section */
		774F60FF1C913B1500101065 /* AppDelegate.swift in Sources */ = {isa = PBXBuildFile; fileRef = 774F60FE1C913B1500101065 /* AppDelegate.swift */; };
		774F61011C913B1500101065 /* ViewController.swift in Sources */ = {isa = PBXBuildFile; fileRef = 774F61001C913B1500101065 /* ViewController.swift */; };
		774F61041C913B1500101065 /* Main.storyboard in Resources */ = {isa = PBXBuildFile; fileRef = 774F61021C913B1500101065 /* Main.storyboard */; };
		774F61061C913B1500101065 /* Assets.xcassets in Resources */ = {isa = PBXBuildFile; fileRef = 774F61051C913B1500101065 /* Assets.xcassets */; };
		774F61091C913B1500101065 /* LaunchScreen.storyboard in Resources */ = {isa = PBXBuildFile; fileRef = 774F61071C913B1500101065 /* LaunchScreen.storyboard */; };
		774F61141C913B1500101065 /* WatchTVTogetherTests.swift in Sources */ = {isa = PBXBuildFile; fileRef = 774F61131C913B1500101065 /* WatchTVTogetherTests.swift */; };
		774F611F1C913B1500101065 /* WatchTVTogetherUITests.swift in Sources */ = {isa = PBXBuildFile; fileRef = 774F611E1C913B1500101065 /* WatchTVTogetherUITests.swift */; };
/* End PBXBuildFile section */

/* Begin PBXContainerItemProxy section */
		774F61101C913B1500101065 /* PBXContainerItemProxy */ = {
			isa = PBXContainerItemProxy;
			containerPortal = 774F60F31C913B1400101065 /* Project object */;
			proxyType = 1;
			remoteGlobalIDString = 774F60FA1C913B1400101065;
			remoteInfo = WatchTVTogether;
		};
		774F611B1C913B1500101065 /* PBXContainerItemProxy */ = {
			isa = PBXContainerItemProxy;
			containerPortal = 774F60F31C913B1400101065 /* Project object */;
			proxyType = 1;
			remoteGlobalIDString = 774F60FA1C913B1400101065;
			remoteInfo = WatchTVTogether;
		};
/* End PBXContainerItemProxy section */

/* Begin PBXFileReference section */
		774F60FB1C913B1400101065 /* WatchTVTogether.app */ = {isa = PBXFileReference; explicitFileType = wrapper.application; includeInIndex = 0; path = WatchTVTogether.app; sourceTree = BUILT_PRODUCTS_DIR; };
		774F60FE1C913B1500101065 /* AppDelegate.swift */ = {isa = PBXFileReference; lastKnownFileType = sourcecode.swift; path = AppDelegate.swift; sourceTree = "<group>"; };
		774F61001C913B1500101065 /* ViewController.swift */ = {isa = PBXFileReference; lastKnownFileType = sourcecode.swift; path = ViewController.swift; sourceTree = "<group>"; };
		774F61031C913B1500101065 /* Base */ = {isa = PBXFileReference; lastKnownFileType = file.storyboard; name = Base; path = Base.lproj/Main.storyboard; sourceTree = "<group>"; };
		774F61051C913B1500101065 /* Assets.xcassets */ = {isa = PBXFileReference; lastKnownFileType = folder.assetcatalog; path = Assets.xcassets; sourceTree = "<group>"; };
		774F61081C913B1500101065 /* Base */ = {isa = PBXFileReference; lastKnownFileType = file.storyboard; name = Base; path = Base.lproj/LaunchScreen.storyboard; sourceTree = "<group>"; };
		774F610A1C913B1500101065 /* Info.plist */ = {isa = PBXFileReference; lastKnownFileType = text.plist.xml; path = Info.plist; sourceTree = "<group>"; };
		774F610F1C913B1500101065 /* WatchTVTogetherTests.xctest */ = {isa = PBXFileReference; explicitFileType = wrapper.cfbundle; includeInIndex = 0; path = WatchTVTogetherTests.xctest; sourceTree = BUILT_PRODUCTS_DIR; };
		774F61131C913B1500101065 /* WatchTVTogetherTests.swift */ = {isa = PBXFileReference; lastKnownFileType = sourcecode.swift; path = WatchTVTogetherTests.swift; sourceTree = "<group>"; };
		774F61151C913B1500101065 /* Info.plist */ = {isa = PBXFileReference; lastKnownFileType = text.plist.xml; path = Info.plist; sourceTree = "<group>"; };
		774F611A1C913B1500101065 /* WatchTVTogetherUITests.xctest */ = {isa = PBXFileReference; explicitFileType = wrapper.cfbundle; includeInIndex = 0; path = WatchTVTogetherUITests.xctest; sourceTree = BUILT_PRODUCTS_DIR; };
		774F611E1C913B1500101065 /* WatchTVTogetherUITests.swift */ = {isa = PBXFileReference; lastKnownFileType = sourcecode.swift; path = WatchTVTogetherUITests.swift; sourceTree = "<group>"; };
		774F61201C913B1500101065 /* Info.plist */ = {isa = PBXFileReference; lastKnownFileType = text.plist.xml; path = Info.plist; sourceTree = "<group>"; };
/* End PBXFileReference section */

/* Begin PBXFrameworksBuildPhase section */
		774F60F81C913B1400101065 /* Frameworks */ = {
			isa = PBXFrameworksBuildPhase;
			buildActionMask = 2147483647;
			files = (
			);
			runOnlyForDeploymentPostprocessing = 0;
		};
		774F610C1C913B1500101065 /* Frameworks */ = {
			isa = PBXFrameworksBuildPhase;
			buildActionMask = 2147483647;
			files = (
			);
			runOnlyForDeploymentPostprocessing = 0;
		};
		774F61171C913B1500101065 /* Frameworks */ = {
			isa = PBXFrameworksBuildPhase;
			buildActionMask = 2147483647;
			files = (
			);
			runOnlyForDeploymentPostprocessing = 0;
		};
/* End PBXFrameworksBuildPhase section */

/* Begin PBXGroup section */
		774F60F21C913B1400101065 = {
			isa = PBXGroup;
			children = (
				774F60FD1C913B1400101065 /* WatchTVTogether */,
				774F61121C913B1500101065 /* WatchTVTogetherTests */,
				774F611D1C913B1500101065 /* WatchTVTogetherUITests */,
				774F60FC1C913B1400101065 /* Products */,
			);
			sourceTree = "<group>";
		};
		774F60FC1C913B1400101065 /* Products */ = {
			isa = PBXGroup;
			children = (
				774F60FB1C913B1400101065 /* WatchTVTogether.app */,
				774F610F1C913B1500101065 /* WatchTVTogetherTests.xctest */,
				774F611A1C913B1500101065 /* WatchTVTogetherUITests.xctest */,
			);
			name = Products;
			sourceTree = "<group>";
		};
		774F60FD1C913B1400101065 /* WatchTVTogether */ = {
			isa = PBXGroup;
			children = (
				774F60FE1C913B1500101065 /* AppDelegate.swift */,
				774F61001C913B1500101065 /* ViewController.swift */,
				774F61021C913B1500101065 /* Main.storyboard */,
				774F61051C913B1500101065 /* Assets.xcassets */,
				774F61071C913B1500101065 /* LaunchScreen.storyboard */,
				774F610A1C913B1500101065 /* Info.plist */,
			);
			path = WatchTVTogether;
			sourceTree = "<group>";
		};
		774F61121C913B1500101065 /* WatchTVTogetherTests */ = {
			isa = PBXGroup;
			children = (
				774F61131C913B1500101065 /* WatchTVTogetherTests.swift */,
				774F61151C913B1500101065 /* Info.plist */,
			);
			path = WatchTVTogetherTests;
			sourceTree = "<group>";
		};
		774F611D1C913B1500101065 /* WatchTVTogetherUITests */ = {
			isa = PBXGroup;
			children = (
				774F611E1C913B1500101065 /* WatchTVTogetherUITests.swift */,
				774F61201C913B1500101065 /* Info.plist */,
			);
			path = WatchTVTogetherUITests;
			sourceTree = "<group>";
		};
/* End PBXGroup section */

/* Begin PBXNativeTarget section */
		774F60FA1C913B1400101065 /* WatchTVTogether */ = {
			isa = PBXNativeTarget;
			buildConfigurationList = 774F61231C913B1500101065 /* Build configuration list for PBXNativeTarget "WatchTVTogether" */;
			buildPhases = (
				774F60F71C913B1400101065 /* Sources */,
				774F60F81C913B1400101065 /* Frameworks */,
				774F60F91C913B1400101065 /* Resources */,
			);
			buildRules = (
			);
			dependencies = (
			);
			name = WatchTVTogether;
			productName = WatchTVTogether;
			productReference = 774F60FB1C913B1400101065 /* WatchTVTogether.app */;
			productType = "com.apple.product-type.application";
		};
		774F610E1C913B1500101065 /* WatchTVTogetherTests */ = {
			isa = PBXNativeTarget;
			buildConfigurationList = 774F61261C913B1500101065 /* Build configuration list for PBXNativeTarget "WatchTVTogetherTests" */;
			buildPhases = (
				774F610B1C913B1500101065 /* Sources */,
				774F610C1C913B1500101065 /* Frameworks */,
				774F610D1C913B1500101065 /* Resources */,
			);
			buildRules = (
			);
			dependencies = (
				774F61111C913B1500101065 /* PBXTargetDependency */,
			);
			name = WatchTVTogetherTests;
			productName = WatchTVTogetherTests;
			productReference = 774F610F1C913B1500101065 /* WatchTVTogetherTests.xctest */;
			productType = "com.apple.product-type.bundle.unit-test";
		};
		774F61191C913B1500101065 /* WatchTVTogetherUITests */ = {
			isa = PBXNativeTarget;
			buildConfigurationList = 774F61291C913B1500101065 /* Build configuration list for PBXNativeTarget "WatchTVTogetherUITests" */;
			buildPhases = (
				774F61161C913B1500101065 /* Sources */,
				774F61171C913B1500101065 /* Frameworks */,
				774F61181C913B1500101065 /* Resources */,
			);
			buildRules = (
			);
			dependencies = (
				774F611C1C913B1500101065 /* PBXTargetDependency */,
			);
			name = WatchTVTogetherUITests;
			productName = WatchTVTogetherUITests;
			productReference = 774F611A1C913B1500101065 /* WatchTVTogetherUITests.xctest */;
			productType = "com.apple.product-type.bundle.ui-testing";
		};
/* End PBXNativeTarget section */

/* Begin PBXProject section */
		774F60F31C913B1400101065 /* Project object */ = {
			isa = PBXProject;
			attributes = {
				LastSwiftUpdateCheck = 0720;
				LastUpgradeCheck = 0720;
				ORGANIZATIONNAME = ChenDanny;
				TargetAttributes = {
					774F60FA1C913B1400101065 = {
						CreatedOnToolsVersion = 7.2.1;
					};
					774F610E1C913B1500101065 = {
						CreatedOnToolsVersion = 7.2.1;
						TestTargetID = 774F60FA1C913B1400101065;
					};
					774F61191C913B1500101065 = {
						CreatedOnToolsVersion = 7.2.1;
						TestTargetID = 774F60FA1C913B1400101065;
					};
				};
			};
			buildConfigurationList = 774F60F61C913B1400101065 /* Build configuration list for PBXProject "WatchTVTogether" */;
			compatibilityVersion = "Xcode 3.2";
			developmentRegion = English;
			hasScannedForEncodings = 0;
			knownRegions = (
				en,
				Base,
			);
			mainGroup = 774F60F21C913B1400101065;
			productRefGroup = 774F60FC1C913B1400101065 /* Products */;
			projectDirPath = "";
			projectRoot = "";
			targets = (
				774F60FA1C913B1400101065 /* WatchTVTogether */,
				774F610E1C913B1500101065 /* WatchTVTogetherTests */,
				774F61191C913B1500101065 /* WatchTVTogetherUITests */,
			);
		};
/* End PBXProject section */

/* Begin PBXResourcesBuildPhase section */
		774F60F91C913B1400101065 /* Resources */ = {
			isa = PBXResourcesBuildPhase;
			buildActionMask = 2147483647;
			files = (
				774F61091C913B1500101065 /* LaunchScreen.storyboard in Resources */,
				774F61061C913B1500101065 /* Assets.xcassets in Resources */,
				774F61041C913B1500101065 /* Main.storyboard in Resources */,
			);
			runOnlyForDeploymentPostprocessing = 0;
		};
		774F610D1C913B1500101065 /* Resources */ = {
			isa = PBXResourcesBuildPhase;
			buildActionMask = 2147483647;
			files = (
			);
			runOnlyForDeploymentPostprocessing = 0;
		};
		774F61181C913B1500101065 /* Resources */ = {
			isa = PBXResourcesBuildPhase;
			buildActionMask = 2147483647;
			files = (
			);
			runOnlyForDeploymentPostprocessing = 0;
		};
/* End PBXResourcesBuildPhase section */

/* Begin PBXSourcesBuildPhase section */
		774F60F71C913B1400101065 /* Sources */ = {
			isa = PBXSourcesBuildPhase;
			buildActionMask = 2147483647;
			files = (
				774F61011C913B1500101065 /* ViewController.swift in Sources */,
				774F60FF1C913B1500101065 /* AppDelegate.swift in Sources */,
			);
			runOnlyForDeploymentPostprocessing = 0;
		};
		774F610B1C913B1500101065 /* Sources */ = {
			isa = PBXSourcesBuildPhase;
			buildActionMask = 2147483647;
			files = (
				774F61141C913B1500101065 /* WatchTVTogetherTests.swift in Sources */,
			);
			runOnlyForDeploymentPostprocessing = 0;
		};
		774F61161C913B1500101065 /* Sources */ = {
			isa = PBXSourcesBuildPhase;
			buildActionMask = 2147483647;
			files = (
				774F611F1C913B1500101065 /* WatchTVTogetherUITests.swift in Sources */,
			);
			runOnlyForDeploymentPostprocessing = 0;
		};
/* End PBXSourcesBuildPhase section */

/* Begin PBXTargetDependency section */
		774F61111C913B1500101065 /* PBXTargetDependency */ = {
			isa = PBXTargetDependency;
			target = 774F60FA1C913B1400101065 /* WatchTVTogether */;
			targetProxy = 774F61101C913B1500101065 /* PBXContainerItemProxy */;
		};
		774F611C1C913B1500101065 /* PBXTargetDependency */ = {
			isa = PBXTargetDependency;
			target = 774F60FA1C913B1400101065 /* WatchTVTogether */;
			targetProxy = 774F611B1C913B1500101065 /* PBXContainerItemProxy */;
		};
/* End PBXTargetDependency section */

/* Begin PBXVariantGroup section */
		774F61021C913B1500101065 /* Main.storyboard */ = {
			isa = PBXVariantGroup;
			children = (
				774F61031C913B1500101065 /* Base */,
			);
			name = Main.storyboard;
			sourceTree = "<group>";
		};
		774F61071C913B1500101065 /* LaunchScreen.storyboard */ = {
			isa = PBXVariantGroup;
			children = (
				774F61081C913B1500101065 /* Base */,
			);
			name = LaunchScreen.storyboard;
			sourceTree = "<group>";
		};
/* End PBXVariantGroup section */

/* Begin XCBuildConfiguration section */
		774F61211C913B1500101065 /* Debug */ = {
			isa = XCBuildConfiguration;
			buildSettings = {
				ALWAYS_SEARCH_USER_PATHS = NO;
				CLANG_CXX_LANGUAGE_STANDARD = "gnu++0x";
				CLANG_CXX_LIBRARY = "libc++";
				CLANG_ENABLE_MODULES = YES;
				CLANG_ENABLE_OBJC_ARC = YES;
				CLANG_WARN_BOOL_CONVERSION = YES;
				CLANG_WARN_CONSTANT_CONVERSION = YES;
				CLANG_WARN_DIRECT_OBJC_ISA_USAGE = YES_ERROR;
				CLANG_WARN_EMPTY_BODY = YES;
				CLANG_WARN_ENUM_CONVERSION = YES;
				CLANG_WARN_INT_CONVERSION = YES;
				CLANG_WARN_OBJC_ROOT_CLASS = YES_ERROR;
				CLANG_WARN_UNREACHABLE_CODE = YES;
				CLANG_WARN__DUPLICATE_METHOD_MATCH = YES;
				"CODE_SIGN_IDENTITY[sdk=iphoneos*]" = "iPhone Developer";
				COPY_PHASE_STRIP = NO;
				DEBUG_INFORMATION_FORMAT = dwarf;
				ENABLE_STRICT_OBJC_MSGSEND = YES;
				ENABLE_TESTABILITY = YES;
				GCC_C_LANGUAGE_STANDARD = gnu99;
				GCC_DYNAMIC_NO_PIC = NO;
				GCC_NO_COMMON_BLOCKS = YES;
				GCC_OPTIMIZATION_LEVEL = 0;
				GCC_PREPROCESSOR_DEFINITIONS = (
					"DEBUG=1",
					"$(inherited)",
				);
				GCC_WARN_64_TO_32_BIT_CONVERSION = YES;
				GCC_WARN_ABOUT_RETURN_TYPE = YES_ERROR;
				GCC_WARN_UNDECLARED_SELECTOR = YES;
				GCC_WARN_UNINITIALIZED_AUTOS = YES_AGGRESSIVE;
				GCC_WARN_UNUSED_FUNCTION = YES;
				GCC_WARN_UNUSED_VARIABLE = YES;
				IPHONEOS_DEPLOYMENT_TARGET = 9.2;
				MTL_ENABLE_DEBUG_INFO = YES;
				ONLY_ACTIVE_ARCH = YES;
				SDKROOT = iphoneos;
				SWIFT_OPTIMIZATION_LEVEL = "-Onone";
				TARGETED_DEVICE_FAMILY = "1,2";
			};
			name = Debug;
		};
		774F61221C913B1500101065 /* Release */ = {
			isa = XCBuildConfiguration;
			buildSettings = {
				ALWAYS_SEARCH_USER_PATHS = NO;
				CLANG_CXX_LANGUAGE_STANDARD = "gnu++0x";
				CLANG_CXX_LIBRARY = "libc++";
				CLANG_ENABLE_MODULES = YES;
				CLANG_ENABLE_OBJC_ARC = YES;
				CLANG_WARN_BOOL_CONVERSION = YES;
				CLANG_WARN_CONSTANT_CONVERSION = YES;
				CLANG_WARN_DIRECT_OBJC_ISA_USAGE = YES_ERROR;
				CLANG_WARN_EMPTY_BODY = YES;
				CLANG_WARN_ENUM_CONVERSION = YES;
				CLANG_WARN_INT_CONVERSION = YES;
				CLANG_WARN_OBJC_ROOT_CLASS = YES_ERROR;
				CLANG_WARN_UNREACHABLE_CODE = YES;
				CLANG_WARN__DUPLICATE_METHOD_MATCH = YES;
				"CODE_SIGN_IDENTITY[sdk=iphoneos*]" = "iPhone Developer";
				COPY_PHASE_STRIP = NO;
				DEBUG_INFORMATION_FORMAT = "dwarf-with-dsym";
				ENABLE_NS_ASSERTIONS = NO;
				ENABLE_STRICT_OBJC_MSGSEND = YES;
				GCC_C_LANGUAGE_STANDARD = gnu99;
				GCC_NO_COMMON_BLOCKS = YES;
				GCC_WARN_64_TO_32_BIT_CONVERSION = YES;
				GCC_WARN_ABOUT_RETURN_TYPE = YES_ERROR;
				GCC_WARN_UNDECLARED_SELECTOR = YES;
				GCC_WARN_UNINITIALIZED_AUTOS = YES_AGGRESSIVE;
				GCC_WARN_UNUSED_FUNCTION = YES;
				GCC_WARN_UNUSED_VARIABLE = YES;
				IPHONEOS_DEPLOYMENT_TARGET = 9.2;
				MTL_ENABLE_DEBUG_INFO = NO;
				SDKROOT = iphoneos;
				TARGETED_DEVICE_FAMILY = "1,2";
				VALIDATE_PRODUCT = YES;
			};
			name = Release;
		};
		774F61241C913B1500101065 /* Debug */ = {
			isa = XCBuildConfiguration;
			buildSettings = {
				ASSETCATALOG_COMPILER_APPICON_NAME = AppIcon;
				INFOPLIST_FILE = WatchTVTogether/Info.plist;
				LD_RUNPATH_SEARCH_PATHS = "$(inherited) @executable_path/Frameworks";
				PRODUCT_BUNDLE_IDENTIFIER = ChenDanny.WatchTVTogether;
				PRODUCT_NAME = "$(TARGET_NAME)";
			};
			name = Debug;
		};
		774F61251C913B1500101065 /* Release */ = {
			isa = XCBuildConfiguration;
			buildSettings = {
				ASSETCATALOG_COMPILER_APPICON_NAME = AppIcon;
				INFOPLIST_FILE = WatchTVTogether/Info.plist;
				LD_RUNPATH_SEARCH_PATHS = "$(inherited) @executable_path/Frameworks";
				PRODUCT_BUNDLE_IDENTIFIER = ChenDanny.WatchTVTogether;
				PRODUCT_NAME = "$(TARGET_NAME)";
			};
			name = Release;
		};
		774F61271C913B1500101065 /* Debug */ = {
			isa = XCBuildConfiguration;
			buildSettings = {
				BUNDLE_LOADER = "$(TEST_HOST)";
				INFOPLIST_FILE = WatchTVTogetherTests/Info.plist;
				LD_RUNPATH_SEARCH_PATHS = "$(inherited) @executable_path/Frameworks @loader_path/Frameworks";
				PRODUCT_BUNDLE_IDENTIFIER = ChenDanny.WatchTVTogetherTests;
				PRODUCT_NAME = "$(TARGET_NAME)";
				TEST_HOST = "$(BUILT_PRODUCTS_DIR)/WatchTVTogether.app/WatchTVTogether";
			};
			name = Debug;
		};
		774F61281C913B1500101065 /* Release */ = {
			isa = XCBuildConfiguration;
			buildSettings = {
				BUNDLE_LOADER = "$(TEST_HOST)";
				INFOPLIST_FILE = WatchTVTogetherTests/Info.plist;
				LD_RUNPATH_SEARCH_PATHS = "$(inherited) @executable_path/Frameworks @loader_path/Frameworks";
				PRODUCT_BUNDLE_IDENTIFIER = ChenDanny.WatchTVTogetherTests;
				PRODUCT_NAME = "$(TARGET_NAME)";
				TEST_HOST = "$(BUILT_PRODUCTS_DIR)/WatchTVTogether.app/WatchTVTogether";
			};
			name = Release;
		};
		774F612A1C913B1500101065 /* Debug */ = {
			isa = XCBuildConfiguration;
			buildSettings = {
				INFOPLIST_FILE = WatchTVTogetherUITests/Info.plist;
				LD_RUNPATH_SEARCH_PATHS = "$(inherited) @executable_path/Frameworks @loader_path/Frameworks";
				PRODUCT_BUNDLE_IDENTIFIER = ChenDanny.WatchTVTogetherUITests;
				PRODUCT_NAME = "$(TARGET_NAME)";
				TEST_TARGET_NAME = WatchTVTogether;
				USES_XCTRUNNER = YES;
			};
			name = Debug;
		};
		774F612B1C913B1500101065 /* Release */ = {
			isa = XCBuildConfiguration;
			buildSettings = {
				INFOPLIST_FILE = WatchTVTogetherUITests/Info.plist;
				LD_RUNPATH_SEARCH_PATHS = "$(inherited) @executable_path/Frameworks @loader_path/Frameworks";
				PRODUCT_BUNDLE_IDENTIFIER = ChenDanny.WatchTVTogetherUITests;
				PRODUCT_NAME = "$(TARGET_NAME)";
				TEST_TARGET_NAME = WatchTVTogether;
				USES_XCTRUNNER = YES;
			};
			name = Release;
		};
/* End XCBuildConfiguration section */

/* Begin XCConfigurationList section */
		774F60F61C913B1400101065 /* Build configuration list for PBXProject "WatchTVTogether" */ = {
			isa = XCConfigurationList;
			buildConfigurations = (
				774F61211C913B1500101065 /* Debug */,
				774F61221C913B1500101065 /* Release */,
			);
			defaultConfigurationIsVisible = 0;
			defaultConfigurationName = Release;
		};
		774F61231C913B1500101065 /* Build configuration list for PBXNativeTarget "WatchTVTogether" */ = {
			isa = XCConfigurationList;
			buildConfigurations = (
				774F61241C913B1500101065 /* Debug */,
				774F61251C913B1500101065 /* Release */,
			);
			defaultConfigurationIsVisible = 0;
		};
		774F61261C913B1500101065 /* Build configuration list for PBXNativeTarget "WatchTVTogetherTests" */ = {
			isa = XCConfigurationList;
			buildConfigurations = (
				774F61271C913B1500101065 /* Debug */,
				774F61281C913B1500101065 /* Release */,
			);
			defaultConfigurationIsVisible = 0;
		};
		774F61291C913B1500101065 /* Build configuration list for PBXNativeTarget "WatchTVTogetherUITests" */ = {
			isa = XCConfigurationList;
			buildConfigurations = (
				774F612A1C913B1500101065 /* Debug */,
				774F612B1C913B1500101065 /* Release */,
			);
			defaultConfigurationIsVisible = 0;
		};
/* End XCConfigurationList section */
	};
	rootObject = 774F60F31C913B1400101065 /* Project object */;
}
